
Microsoft Visual Studio Solution File, Format Version 12.00
# Visual Studio 14
VisualStudioVersion = 14.0.25123.0
MinimumVisualStudioVersion = 10.0.40219.1
Project("{8BC9CEB8-8B4A-11D0-8D11-00A0C91BC942}") = "ddraw", "ddraw\ddraw.vcxproj", "{9F28BB37-5ADF-4F2F-B15A-008ED92F6A00}"
	ProjectSection(ProjectDependencies) = postProject
		{75C84668-FD36-4544-BFED-EF6384E03A2D} = {75C84668-FD36-4544-BFED-EF6384E03A2D}
		{6E765A7F-16B5-48AD-A956-9BE310EA7B57} = {6E765A7F-16B5-48AD-A956-9BE310EA7B57}
		{0929E3CE-C8A1-4B56-B5CE-C01109DCC6D3} = {0929E3CE-C8A1-4B56-B5CE-C01109DCC6D3}
	EndProjectSection
EndProject
Project("{8BC9CEB8-8B4A-11D0-8D11-00A0C91BC942}") = "ati3dcif", "ati3dcif\ati3dcif.vcxproj", "{6270A061-3044-49EC-9043-92D395854D6E}"
	ProjectSection(ProjectDependencies) = postProject
		{75C84668-FD36-4544-BFED-EF6384E03A2D} = {75C84668-FD36-4544-BFED-EF6384E03A2D}
		{6E765A7F-16B5-48AD-A956-9BE310EA7B57} = {6E765A7F-16B5-48AD-A956-9BE310EA7B57}
		{0929E3CE-C8A1-4B56-B5CE-C01109DCC6D3} = {0929E3CE-C8A1-4B56-B5CE-C01109DCC6D3}
	EndProjectSection
EndProject
Project("{8BC9CEB8-8B4A-11D0-8D11-00A0C91BC942}") = "glrage", "glrage\glrage.vcxproj", "{6E765A7F-16B5-48AD-A956-9BE310EA7B57}"
	ProjectSection(ProjectDependencies) = postProject
		{929A012F-008C-426C-AE1C-DC31C9BC3A6B} = {929A012F-008C-426C-AE1C-DC31C9BC3A6B}
		{75C84668-FD36-4544-BFED-EF6384E03A2D} = {75C84668-FD36-4544-BFED-EF6384E03A2D}
		{0929E3CE-C8A1-4B56-B5CE-C01109DCC6D3} = {0929E3CE-C8A1-4B56-B5CE-C01109DCC6D3}
	EndProjectSection
EndProject
Project("{8BC9CEB8-8B4A-11D0-8D11-00A0C91BC942}") = "glrage_patch", "glrage_patch\glrage_patch.vcxproj", "{929A012F-008C-426C-AE1C-DC31C9BC3A6B}"
	ProjectSection(ProjectDependencies) = postProject
		{0929E3CE-C8A1-4B56-B5CE-C01109DCC6D3} = {0929E3CE-C8A1-4B56-B5CE-C01109DCC6D3}
	EndProjectSection
EndProject
Project("{8BC9CEB8-8B4A-11D0-8D11-00A0C91BC942}") = "glrage_util", "glrage_util\glrage_util.vcxproj", "{0929E3CE-C8A1-4B56-B5CE-C01109DCC6D3}"
EndProject
Project("{8BC9CEB8-8B4A-11D0-8D11-00A0C91BC942}") = "glrage_gl", "glrage_gl\glrage_gl.vcxproj", "{75C84668-FD36-4544-BFED-EF6384E03A2D}"
	ProjectSection(ProjectDependencies) = postProject
		{0929E3CE-C8A1-4B56-B5CE-C01109DCC6D3} = {0929E3CE-C8A1-4B56-B5CE-C01109DCC6D3}
	EndProjectSection
EndProject
Global
	GlobalSection(SolutionConfigurationPlatforms) = preSolution
		Debug|Win32 = Debug|Win32
		Release|Win32 = Release|Win32
	EndGlobalSection
	GlobalSection(ProjectConfigurationPlatforms) = postSolution
		{9F28BB37-5ADF-4F2F-B15A-008ED92F6A00}.Debug|Win32.ActiveCfg = Debug|Win32
		{9F28BB37-5ADF-4F2F-B15A-008ED92F6A00}.Debug|Win32.Build.0 = Debug|Win32
		{9F28BB37-5ADF-4F2F-B15A-008ED92F6A00}.Release|Win32.ActiveCfg = Release|Win32
		{9F28BB37-5ADF-4F2F-B15A-008ED92F6A00}.Release|Win32.Build.0 = Release|Win32
		{6270A061-3044-49EC-9043-92D395854D6E}.Debug|Win32.ActiveCfg = Debug|Win32
		{6270A061-3044-49EC-9043-92D395854D6E}.Debug|Win32.Build.0 = Debug|Win32
		{6270A061-3044-49EC-9043-92D395854D6E}.Release|Win32.ActiveCfg = Release|Win32
		{6270A061-3044-49EC-9043-92D395854D6E}.Release|Win32.Build.0 = Release|Win32
		{6E765A7F-16B5-48AD-A956-9BE310EA7B57}.Debug|Win32.ActiveCfg = Debug|Win32
		{6E765A7F-16B5-48AD-A956-9BE310EA7B57}.Debug|Win32.Build.0 = Debug|Win32
		{6E765A7F-16B5-48AD-A956-9BE310EA7B57}.Release|Win32.ActiveCfg = Release|Win32
		{6E765A7F-16B5-48AD-A956-9BE310EA7B57}.Release|Win32.Build.0 = Release|Win32
		{929A012F-008C-426C-AE1C-DC31C9BC3A6B}.Debug|Win32.ActiveCfg = Debug|Win32
		{929A012F-008C-426C-AE1C-DC31C9BC3A6B}.Debug|Win32.Build.0 = Debug|Win32
		{929A012F-008C-426C-AE1C-DC31C9BC3A6B}.Release|Win32.ActiveCfg = Release|Win32
		{929A012F-008C-426C-AE1C-DC31C9BC3A6B}.Release|Win32.Build.0 = Release|Win32
		{0929E3CE-C8A1-4B56-B5CE-C01109DCC6D3}.Debug|Win32.ActiveCfg = Debug|Win32
		{0929E3CE-C8A1-4B56-B5CE-C01109DCC6D3}.Debug|Win32.Build.0 = Debug|Win32
		{0929E3CE-C8A1-4B56-B5CE-C01109DCC6D3}.Release|Win32.ActiveCfg = Release|Win32
		{0929E3CE-C8A1-4B56-B5CE-C01109DCC6D3}.Release|Win32.Build.0 = Release|Win32
		{75C84668-FD36-4544-BFED-EF6384E03A2D}.Debug|Win32.ActiveCfg = Debug|Win32
		{75C84668-FD36-4544-BFED-EF6384E03A2D}.Debug|Win32.Build.0 = Debug|Win32
		{75C84668-FD36-4544-BFED-EF6384E03A2D}.Release|Win32.ActiveCfg = Release|Win32
		{75C84668-FD36-4544-BFED-EF6384E03A2D}.Release|Win32.Build.0 = Release|Win32
	EndGlobalSection
	GlobalSection(SolutionProperties) = preSolution
		HideSolutionNode = FALSE
	EndGlobalSection
EndGlobal
