<?xml version="1.0" encoding="utf-8"?>
<Project ToolsVersion="4.0" xmlns="http://schemas.microsoft.com/developer/msbuild/2003">
  <ItemGroup>
    <Filter Include="Source Files">
      <UniqueIdentifier>{4FC737F1-C7A5-4376-A066-2A32D752A2FF}</UniqueIdentifier>
      <Extensions>cpp;c;cc;cxx;def;odl;idl;hpj;bat;asm;asmx</Extensions>
    </Filter>
    <Filter Include="Resource Files">
      <UniqueIdentifier>{67DA6AB6-F800-4c08-8B7A-83BB121AAD01}</UniqueIdentifier>
      <Extensions>rc;ico;cur;bmp;dlg;rc2;rct;bin;rgs;gif;jpg;jpeg;jpe;resx;tiff;tif;png;wav;mfcribbon-ms</Extensions>
    </Filter>
    <Filter Include="Resource Files\patches">
      <UniqueIdentifier>{2e1532c7-5c09-444f-ac71-f365ae600069}</UniqueIdentifier>
    </Filter>
    <Filter Include="Source Files\Assault Rigs">
      <UniqueIdentifier>{7beb53f2-1bec-4276-b93e-aa9ed403e61c}</UniqueIdentifier>
    </Filter>
    <Filter Include="Source Files\Tomb Raider">
      <UniqueIdentifier>{5182599a-b101-4be4-96f3-b76651c5dce3}</UniqueIdentifier>
    </Filter>
    <Filter Include="Source Files\Wipeout">
      <UniqueIdentifier>{290bc151-22b8-4ba4-89eb-0ce92a717453}</UniqueIdentifier>
    </Filter>
  </ItemGroup>
  <ItemGroup>
    <ClInclude Include="RuntimeData.hpp">
      <Filter>Source Files</Filter>
    </ClInclude>
    <ClInclude Include="RuntimePatch.hpp">
      <Filter>Source Files</Filter>
    </ClInclude>
    <ClInclude Include="RuntimePatcher.hpp">
      <Filter>Source Files</Filter>
    </ClInclude>
    <ClInclude Include="AssaultRigsPatcher.hpp">
      <Filter>Source Files\Assault Rigs</Filter>
    </ClInclude>
    <ClInclude Include="TombRaiderHooks.hpp">
      <Filter>Source Files\Tomb Raider</Filter>
    </ClInclude>
    <ClInclude Include="TombRaiderPatcher.hpp">
      <Filter>Source Files\Tomb Raider</Filter>
    </ClInclude>
    <ClInclude Include="WipeoutPatcher.hpp">
      <Filter>Source Files\Wipeout</Filter>
    </ClInclude>
  </ItemGroup>
  <ItemGroup>
    <ClCompile Include="RuntimeData.cpp">
      <Filter>Source Files</Filter>
    </ClCompile>
    <ClCompile Include="RuntimePatch.cpp">
      <Filter>Source Files</Filter>
    </ClCompile>
    <ClCompile Include="RuntimePatcher.cpp">
      <Filter>Source Files</Filter>
    </ClCompile>
    <ClCompile Include="AssaultRigsPatcher.cpp">
      <Filter>Source Files\Assault Rigs</Filter>
    </ClCompile>
    <ClCompile Include="TombRaiderHooks.cpp">
      <Filter>Source Files\Tomb Raider</Filter>
    </ClCompile>
    <ClCompile Include="TombRaiderPatcher.cpp">
      <Filter>Source Files\Tomb Raider</Filter>
    </ClCompile>
    <ClCompile Include="WipeoutPatcher.cpp">
      <Filter>Source Files\Wipeout</Filter>
    </ClCompile>
  </ItemGroup>
  <ItemGroup>
    <None Include="patches\arigs.ini">
      <Filter>Resource Files\patches</Filter>
    </None>
    <None Include="patches\tombati.ini">
      <Filter>Resource Files\patches</Filter>
    </None>
    <None Include="patches\tombub.ini">
      <Filter>Resource Files\patches</Filter>
    </None>
    <None Include="patches\wipeout.ini">
      <Filter>Resource Files\patches</Filter>
    </None>
  </ItemGroup>
</Project>