<?xml version="1.0" encoding="utf-8"?>
<Project ToolsVersion="4.0" xmlns="http://schemas.microsoft.com/developer/msbuild/2003">
  <ItemGroup>
    <Filter Include="Source Files">
      <UniqueIdentifier>{4FC737F1-C7A5-4376-A066-2A32D752A2FF}</UniqueIdentifier>
      <Extensions>cpp;c;cc;cxx;def;odl;idl;hpj;bat;asm;asmx</Extensions>
    </Filter>
    <Filter Include="Header Files">
      <UniqueIdentifier>{93995380-89BD-4b04-88EB-625FBE52EBFB}</UniqueIdentifier>
      <Extensions>h;hh;hpp;hxx;hm;inl;inc;xsd</Extensions>
    </Filter>
    <Filter Include="Resource Files">
      <UniqueIdentifier>{67DA6AB6-F800-4c08-8B7A-83BB121AAD01}</UniqueIdentifier>
      <Extensions>rc;ico;cur;bmp;dlg;rc2;rct;bin;rgs;gif;jpg;jpeg;jpe;resx;tiff;tif;png;wav</Extensions>
    </Filter>
    <Filter Include="Header Files\Patches">
      <UniqueIdentifier>{6d4c9077-80bc-40c7-b746-7d906cfa3ab9}</UniqueIdentifier>
    </Filter>
    <Filter Include="Source Files\Patches">
      <UniqueIdentifier>{4725e87f-4606-4f78-b0b8-757d3a3da77b}</UniqueIdentifier>
    </Filter>
  </ItemGroup>
  <ItemGroup>
    <ClInclude Include="AssaultRigsPatcher.hpp">
      <Filter>Header Files\Patches</Filter>
    </ClInclude>
    <ClInclude Include="TombRaiderHooks.hpp">
      <Filter>Header Files\Patches</Filter>
    </ClInclude>
    <ClInclude Include="TombRaiderPatcher.hpp">
      <Filter>Header Files\Patches</Filter>
    </ClInclude>
    <ClInclude Include="GLRage.hpp">
      <Filter>Header Files</Filter>
    </ClInclude>
    <ClInclude Include="Context.hpp">
      <Filter>Header Files</Filter>
    </ClInclude>
    <ClInclude Include="Screenshot.hpp">
      <Filter>Header Files</Filter>
    </ClInclude>
    <ClInclude Include="ContextImpl.hpp">
      <Filter>Header Files</Filter>
    </ClInclude>
    <ClInclude Include="RuntimePatcher.hpp">
      <Filter>Header Files\Patches</Filter>
    </ClInclude>
  </ItemGroup>
  <ItemGroup>
    <ClCompile Include="TombRaiderHooks.cpp">
      <Filter>Source Files\Patches</Filter>
    </ClCompile>
    <ClCompile Include="TombRaiderPatcher.cpp">
      <Filter>Source Files\Patches</Filter>
    </ClCompile>
    <ClCompile Include="AssaultRigsPatcher.cpp">
      <Filter>Source Files\Patches</Filter>
    </ClCompile>
    <ClCompile Include="Screenshot.cpp">
      <Filter>Source Files</Filter>
    </ClCompile>
    <ClCompile Include="GLRage.cpp">
      <Filter>Source Files</Filter>
    </ClCompile>
    <ClCompile Include="ContextImpl.cpp">
      <Filter>Source Files</Filter>
    </ClCompile>
    <ClCompile Include="RuntimePatcher.cpp">
      <Filter>Source Files\Patches</Filter>
    </ClCompile>
  </ItemGroup>
  <ItemGroup>
    <None Include="glrage.ini">
      <Filter>Resource Files</Filter>
    </None>
  </ItemGroup>
  <ItemGroup>
    <ResourceCompile Include="glrage.rc">
      <Filter>Resource Files</Filter>
    </ResourceCompile>
  </ItemGroup>
</Project>